
Microsoft Visual Studio Solution File, Format Version 12.00
# Visual Studio Version 17
VisualStudioVersion = 17.3.32901.215
MinimumVisualStudioVersion = 10.0.40219.1
Project("{FAE04EC0-301F-11D3-BF4B-00C04F79EFBC}") = "library-manager-app", "library-manager-app\library-manager-app.csproj", "{BEFC0AA2-DF7E-46CC-B0F5-4E958628F752}"
EndProject
Project("{FAE04EC0-301F-11D3-BF4B-00C04F79EFBC}") = "library-manager-dll", "library-manager-dll\library-manager-dll.csproj", "{3D9D4BAB-404D-4ADD-9F77-C489687ED4FA}"
EndProject
Project("{FAE04EC0-301F-11D3-BF4B-00C04F79EFBC}") = "library-manager-dll-test", "library-manager-dll-test\library-manager-dll-test.csproj", "{DBA069B4-F7E4-44DC-AE55-DB7D1DD8B9C0}"
EndProject
Project("{930C7802-8A8C-48F9-8165-68863BCCD9DD}") = "library-manager-app-setup", "library-manager-app-setup\library-manager-app-setup.wixproj", "{813DFD60-9E19-4D40-BAA0-850204C32FD1}"
EndProject
Global
	GlobalSection(SolutionConfigurationPlatforms) = preSolution
		Debug|Any CPU = Debug|Any CPU
		Debug|x86 = Debug|x86
		Release|Any CPU = Release|Any CPU
		Release|x86 = Release|x86
	EndGlobalSection
	GlobalSection(ProjectConfigurationPlatforms) = postSolution
		{BEFC0AA2-DF7E-46CC-B0F5-4E958628F752}.Debug|Any CPU.ActiveCfg = Debug|Any CPU
		{BEFC0AA2-DF7E-46CC-B0F5-4E958628F752}.Debug|Any CPU.Build.0 = Debug|Any CPU
		{BEFC0AA2-DF7E-46CC-B0F5-4E958628F752}.Debug|x86.ActiveCfg = Debug|Any CPU
		{BEFC0AA2-DF7E-46CC-B0F5-4E958628F752}.Debug|x86.Build.0 = Debug|Any CPU
		{BEFC0AA2-DF7E-46CC-B0F5-4E958628F752}.Release|Any CPU.ActiveCfg = Release|Any CPU
		{BEFC0AA2-DF7E-46CC-B0F5-4E958628F752}.Release|Any CPU.Build.0 = Release|Any CPU
		{BEFC0AA2-DF7E-46CC-B0F5-4E958628F752}.Release|x86.ActiveCfg = Release|Any CPU
		{BEFC0AA2-DF7E-46CC-B0F5-4E958628F752}.Release|x86.Build.0 = Release|Any CPU
		{3D9D4BAB-404D-4ADD-9F77-C489687ED4FA}.Debug|Any CPU.ActiveCfg = Debug|Any CPU
		{3D9D4BAB-404D-4ADD-9F77-C489687ED4FA}.Debug|Any CPU.Build.0 = Debug|Any CPU
		{3D9D4BAB-404D-4ADD-9F77-C489687ED4FA}.Debug|x86.ActiveCfg = Debug|Any CPU
		{3D9D4BAB-404D-4ADD-9F77-C489687ED4FA}.Debug|x86.Build.0 = Debug|Any CPU
		{3D9D4BAB-404D-4ADD-9F77-C489687ED4FA}.Release|Any CPU.ActiveCfg = Release|Any CPU
		{3D9D4BAB-404D-4ADD-9F77-C489687ED4FA}.Release|Any CPU.Build.0 = Release|Any CPU
		{3D9D4BAB-404D-4ADD-9F77-C489687ED4FA}.Release|x86.ActiveCfg = Release|Any CPU
		{3D9D4BAB-404D-4ADD-9F77-C489687ED4FA}.Release|x86.Build.0 = Release|Any CPU
		{DBA069B4-F7E4-44DC-AE55-DB7D1DD8B9C0}.Debug|Any CPU.ActiveCfg = Debug|Any CPU
		{DBA069B4-F7E4-44DC-AE55-DB7D1DD8B9C0}.Debug|Any CPU.Build.0 = Debug|Any CPU
		{DBA069B4-F7E4-44DC-AE55-DB7D1DD8B9C0}.Debug|x86.ActiveCfg = Debug|Any CPU
		{DBA069B4-F7E4-44DC-AE55-DB7D1DD8B9C0}.Debug|x86.Build.0 = Debug|Any CPU
		{DBA069B4-F7E4-44DC-AE55-DB7D1DD8B9C0}.Release|Any CPU.ActiveCfg = Release|Any CPU
		{DBA069B4-F7E4-44DC-AE55-DB7D1DD8B9C0}.Release|Any CPU.Build.0 = Release|Any CPU
		{DBA069B4-F7E4-44DC-AE55-DB7D1DD8B9C0}.Release|x86.ActiveCfg = Release|Any CPU
		{DBA069B4-F7E4-44DC-AE55-DB7D1DD8B9C0}.Release|x86.Build.0 = Release|Any CPU
		{813DFD60-9E19-4D40-BAA0-850204C32FD1}.Debug|Any CPU.ActiveCfg = Debug|x86
		{813DFD60-9E19-4D40-BAA0-850204C32FD1}.Debug|Any CPU.Build.0 = Debug|x86
		{813DFD60-9E19-4D40-BAA0-850204C32FD1}.Debug|x86.ActiveCfg = Debug|x86
		{813DFD60-9E19-4D40-BAA0-850204C32FD1}.Debug|x86.Build.0 = Debug|x86
		{813DFD60-9E19-4D40-BAA0-850204C32FD1}.Release|Any CPU.ActiveCfg = Release|x86
		{813DFD60-9E19-4D40-BAA0-850204C32FD1}.Release|Any CPU.Build.0 = Release|x86
		{813DFD60-9E19-4D40-BAA0-850204C32FD1}.Release|x86.ActiveCfg = Release|x86
		{813DFD60-9E19-4D40-BAA0-850204C32FD1}.Release|x86.Build.0 = Release|x86
	EndGlobalSection
	GlobalSection(SolutionProperties) = preSolution
		HideSolutionNode = FALSE
	EndGlobalSection
	GlobalSection(ExtensibilityGlobals) = postSolution
		SolutionGuid = {242292B6-B914-4459-8294-3DCEB8578B90}
	EndGlobalSection
EndGlobal
